
Microsoft Visual Studio Solution File, Format Version 12.00
# Visual Studio Version 17
VisualStudioVersion = 17.10.35027.167
MinimumVisualStudioVersion = 10.0.40219.1
Project("{FAE04EC0-301F-11D3-BF4B-00C04F79EFBC}") = "WebApplication1", "WebApplication1\WebApplication1.csproj", "{A74D4903-22D2-47E9-BD7E-1CD0756BFA5D}"
EndProject
Global
	GlobalSection(SolutionConfigurationPlatforms) = preSolution
		Debug|Any CPU = Debug|Any CPU
		Release|Any CPU = Release|Any CPU
	EndGlobalSection
	GlobalSection(ProjectConfigurationPlatforms) = postSolution
		{A74D4903-22D2-47E9-BD7E-1CD0756BFA5D}.Debug|Any CPU.ActiveCfg = Debug|Any CPU
		{A74D4903-22D2-47E9-BD7E-1CD0756BFA5D}.Debug|Any CPU.Build.0 = Debug|Any CPU
		{A74D4903-22D2-47E9-BD7E-1CD0756BFA5D}.Release|Any CPU.ActiveCfg = Release|Any CPU
		{A74D4903-22D2-47E9-BD7E-1CD0756BFA5D}.Release|Any CPU.Build.0 = Release|Any CPU
	EndGlobalSection
	GlobalSection(SolutionProperties) = preSolution
		HideSolutionNode = FALSE
	EndGlobalSection
	GlobalSection(ExtensibilityGlobals) = postSolution
		SolutionGuid = {2F27341A-F5E6-4271-A40D-CBDB0E9769E5}
	EndGlobalSection
EndGlobal
